
Microsoft Visual Studio Solution File, Format Version 12.00
# Visual Studio Version 17
VisualStudioVersion = 17.11.35327.3
MinimumVisualStudioVersion = 10.0.40219.1
Project("{FAE04EC0-301F-11D3-BF4B-00C04F79EFBC}") = "frogaDB8", "frogaDB8\frogaDB8.csproj", "{8681BD1A-3CE4-463E-9BBE-42A00B50C22E}"
EndProject
Global
	GlobalSection(SolutionConfigurationPlatforms) = preSolution
		Debug|Any CPU = Debug|Any CPU
		Release|Any CPU = Release|Any CPU
	EndGlobalSection
	GlobalSection(ProjectConfigurationPlatforms) = postSolution
		{8681BD1A-3CE4-463E-9BBE-42A00B50C22E}.Debug|Any CPU.ActiveCfg = Debug|Any CPU
		{8681BD1A-3CE4-463E-9BBE-42A00B50C22E}.Debug|Any CPU.Build.0 = Debug|Any CPU
		{8681BD1A-3CE4-463E-9BBE-42A00B50C22E}.Debug|Any CPU.Deploy.0 = Debug|Any CPU
		{8681BD1A-3CE4-463E-9BBE-42A00B50C22E}.Release|Any CPU.ActiveCfg = Release|Any CPU
		{8681BD1A-3CE4-463E-9BBE-42A00B50C22E}.Release|Any CPU.Build.0 = Release|Any CPU
		{8681BD1A-3CE4-463E-9BBE-42A00B50C22E}.Release|Any CPU.Deploy.0 = Release|Any CPU
	EndGlobalSection
	GlobalSection(SolutionProperties) = preSolution
		HideSolutionNode = FALSE
	EndGlobalSection
	GlobalSection(ExtensibilityGlobals) = postSolution
		SolutionGuid = {2386642C-3631-4840-808F-523CE22899E5}
	EndGlobalSection
EndGlobal
